
Microsoft Visual Studio Solution File, Format Version 12.00
# Visual Studio 2013
VisualStudioVersion = 12.0.31101.0
MinimumVisualStudioVersion = 10.0.40219.1
Project("{FAE04EC0-301F-11D3-BF4B-00C04F79EFBC}") = "MassTransit.Integration.Routing.Configuration", "MassTransit.Integration.Routing.Configuration\MassTransit.Integration.Routing.Configuration.csproj", "{F338BC1A-5DE7-442C-BD1A-B954DD42B3FF}"
EndProject
Project("{2150E333-8FDC-42A3-9474-1A3956D46DE8}") = ".nuget", ".nuget", "{88DD6664-06B6-4A8D-BCD6-0115DB5C2E97}"
	ProjectSection(SolutionItems) = preProject
		.nuget\NuGet.Config = .nuget\NuGet.Config
		.nuget\NuGet.exe = .nuget\NuGet.exe
		.nuget\NuGet.targets = .nuget\NuGet.targets
	EndProjectSection
EndProject
Project("{FAE04EC0-301F-11D3-BF4B-00C04F79EFBC}") = "MassTransit.Integration.Routing.Configuration.Tests", "MassTransit.Integration.Routing.Configuration.Tests\MassTransit.Integration.Routing.Configuration.Tests.csproj", "{EADDDB26-B718-497D-BB6F-26B3F5379A59}"
EndProject
Global
	GlobalSection(SolutionConfigurationPlatforms) = preSolution
		Debug|Any CPU = Debug|Any CPU
		Release|Any CPU = Release|Any CPU
	EndGlobalSection
	GlobalSection(ProjectConfigurationPlatforms) = postSolution
		{F338BC1A-5DE7-442C-BD1A-B954DD42B3FF}.Debug|Any CPU.ActiveCfg = Debug|Any CPU
		{F338BC1A-5DE7-442C-BD1A-B954DD42B3FF}.Debug|Any CPU.Build.0 = Debug|Any CPU
		{F338BC1A-5DE7-442C-BD1A-B954DD42B3FF}.Release|Any CPU.ActiveCfg = Release|Any CPU
		{F338BC1A-5DE7-442C-BD1A-B954DD42B3FF}.Release|Any CPU.Build.0 = Release|Any CPU
		{EADDDB26-B718-497D-BB6F-26B3F5379A59}.Debug|Any CPU.ActiveCfg = Debug|Any CPU
		{EADDDB26-B718-497D-BB6F-26B3F5379A59}.Debug|Any CPU.Build.0 = Debug|Any CPU
		{EADDDB26-B718-497D-BB6F-26B3F5379A59}.Release|Any CPU.ActiveCfg = Release|Any CPU
		{EADDDB26-B718-497D-BB6F-26B3F5379A59}.Release|Any CPU.Build.0 = Release|Any CPU
	EndGlobalSection
	GlobalSection(SolutionProperties) = preSolution
		HideSolutionNode = FALSE
	EndGlobalSection
EndGlobal
